
Microsoft Visual Studio Solution File, Format Version 12.00
# Visual Studio Version 16
VisualStudioVersion = 16.0.29326.143
MinimumVisualStudioVersion = 10.0.40219.1
Project("{888888A0-9F3D-457C-B088-3A5042F75D52}") = "rpy", "rpy\rpy.pyproj", "{84931B50-97EE-4196-ABF9-7F1BB8F0841B}"
EndProject
Project("{9A19103F-16F7-4668-BE54-9A1E7A4F7556}") = "rnet", "rnet\rnet.csproj", "{D7120162-D775-4C7B-B4A3-9AEEC0CDA406}"
EndProject
Project("{9A19103F-16F7-4668-BE54-9A1E7A4F7556}") = "rnet.lib", "rnet.lib\rnet.lib.csproj", "{E5C40C7C-C537-473D-97C4-0BE89C7532D9}"
EndProject
Project("{888888A0-9F3D-457C-B088-3A5042F75D52}") = "rwy", "rwy\rwy.pyproj", "{E827E0FA-366B-4421-8AB2-52B33AF02B99}"
EndProject
Global
	GlobalSection(SolutionConfigurationPlatforms) = preSolution
		Debug|Any CPU = Debug|Any CPU
		Release|Any CPU = Release|Any CPU
	EndGlobalSection
	GlobalSection(ProjectConfigurationPlatforms) = postSolution
		{84931B50-97EE-4196-ABF9-7F1BB8F0841B}.Debug|Any CPU.ActiveCfg = Debug|Any CPU
		{84931B50-97EE-4196-ABF9-7F1BB8F0841B}.Release|Any CPU.ActiveCfg = Release|Any CPU
		{D7120162-D775-4C7B-B4A3-9AEEC0CDA406}.Debug|Any CPU.ActiveCfg = Debug|Any CPU
		{D7120162-D775-4C7B-B4A3-9AEEC0CDA406}.Debug|Any CPU.Build.0 = Debug|Any CPU
		{D7120162-D775-4C7B-B4A3-9AEEC0CDA406}.Release|Any CPU.ActiveCfg = Release|Any CPU
		{D7120162-D775-4C7B-B4A3-9AEEC0CDA406}.Release|Any CPU.Build.0 = Release|Any CPU
		{E5C40C7C-C537-473D-97C4-0BE89C7532D9}.Debug|Any CPU.ActiveCfg = Debug|Any CPU
		{E5C40C7C-C537-473D-97C4-0BE89C7532D9}.Debug|Any CPU.Build.0 = Debug|Any CPU
		{E5C40C7C-C537-473D-97C4-0BE89C7532D9}.Release|Any CPU.ActiveCfg = Release|Any CPU
		{E5C40C7C-C537-473D-97C4-0BE89C7532D9}.Release|Any CPU.Build.0 = Release|Any CPU
		{E827E0FA-366B-4421-8AB2-52B33AF02B99}.Debug|Any CPU.ActiveCfg = Debug|Any CPU
		{E827E0FA-366B-4421-8AB2-52B33AF02B99}.Release|Any CPU.ActiveCfg = Release|Any CPU
	EndGlobalSection
	GlobalSection(SolutionProperties) = preSolution
		HideSolutionNode = FALSE
	EndGlobalSection
	GlobalSection(ExtensibilityGlobals) = postSolution
		SolutionGuid = {4FF3AA10-F418-4D77-8BAA-6461E7A7B88A}
	EndGlobalSection
EndGlobal
